{
  "lockfileVersion": 1,
  "configVersion": 1,
  "workspaces": {
    "": {
      "name": "@green-1052/dcinside.js",
      "dependencies": {
        "fetch-extras": "^3.2.1",
        "ky": "^2.1.0",
      },
      "devDependencies": {
        "@types/bun": "^1.4.2",
        "bun-plugin-dtsx": "^0.11.14",
      },
    },
  },
  "packages": {
    "@stacksjs/clapp": ["@stacksjs/clapp@0.2.16", "", {}, "sha512-g/5HUXGxD9QffyPKGdywZODte0DJYwzNhSmrPime1z7TLxWPodJ9IYfIwr2G6Wco+fAQISgaVQUtVf0pUNGV0w=="],

    "@stacksjs/dtsx": ["@stacksjs/dtsx@0.11.15", "", { "dependencies": { "@stacksjs/clapp": "^0.2.16" }, "bin": { "dtsx": "./dist/bin/cli.js" } }, "sha512-+EaIS1lEtBQBsGmY2DmDBOE8PgWPooepemfljXdOgfN9GOCupbVCA5X+w2RsTy8NSzKE++tsJ3M2KE14eq+XSw=="],

    "@types/bun": ["@types/bun@1.4.2", "", { "dependencies": { "bun-types": "1.4.2" } }, "sha512-GimotNn7+ZV0uVArItBbriZsR1oNf0+WTzPkdcFrzShI7k2norL0uzEaJT8T33dWr7O/c9ZDuAFQrctKCi72oQ=="],

    "@types/node": ["@types/node@26.1.1", "", { "dependencies": { "undici-types": "~8.3.0" } }, "sha512-nxAkRSVkN1Y0JC1W8ky/fTfkGsMmcrRsbx+3XoZE+rMOX71kLYTV7fLXpqud1GpbpP5TuffXFqfX7fH2GgZREw=="],

    "bun-plugin-dtsx": ["bun-plugin-dtsx@0.11.15", "", { "dependencies": { "@stacksjs/dtsx": "0.11.15" } }, "sha512-Xuto6+net/nLyuETtaIASVxhCERagJEvTWv92M5oC+Ha4+xXFJwAu6ZfXBYaEQtKDuT1h4XqFAClu4tDpTMPbg=="],

    "bun-types": ["bun-types@1.4.2", "", { "dependencies": { "@types/node": "*" } }, "sha512-bxV1FgK7yBIzjRe5zBozIM4Bem11ZJcCXSrjWRG3YWLt8yFDePu4cLjpebO8OvPeIE9trbyPF4fuj3Cia4Fj3w=="],

    "fetch-extras": ["fetch-extras@3.2.1", "", {}, "sha512-MuxNR+WUQiu6i4xEDrtoSzSwoqDR2QhN8KU5jlFdAyM3aJmPYwOVC/PwkL5tqyzFMoxz9aGzYyPKRrnSkJQsEA=="],

    "ky": ["ky@2.1.0", "", {}, "sha512-nIKwelw+7qVqKOlX4Eht6GXfEXlDHcdIjyLWV3s119kYt5s+70ayTnYS+0fRNmtgGRRAfqdeWQbh8YizqkS0ng=="],

    "undici-types": ["undici-types@8.3.0", "", {}, "sha512-j375ScV60dom+YkPFIfTLcOiPxkN/buHz5GobjLhixFuANaNs3C9l4GmrWqejgXWJ7BbJcFYpTEUkS1Ge8bpZQ=="],
  }
}
